// !$*UTF8*$!
{
	archiveVersion = 1;
	classes = {
	};
	objectVersion = 46;
	objects = {

/* Begin PBXBuildFile section */
		2638FE8A1AAE27BB00AC019A /* main.m in Sources */ = {isa = PBXBuildFile; fileRef = 2638FE891AAE27BB00AC019A /* main.m */; };
		2638FE8D1AAE27BB00AC019A /* AppDelegate.m in Sources */ = {isa = PBXBuildFile; fileRef = 2638FE8C1AAE27BB00AC019A /* AppDelegate.m */; };
		2638FE901AAE27BB00AC019A /* ViewController.m in Sources */ = {isa = PBXBuildFile; fileRef = 2638FE8F1AAE27BB00AC019A /* ViewController.m */; };
		2638FE931AAE27BB00AC019A /* Main.storyboard in Resources */ = {isa = PBXBuildFile; fileRef = 2638FE911AAE27BB00AC019A /* Main.storyboard */; };
		2638FE951AAE27BB00AC019A /* Images.xcassets in Resources */ = {isa = PBXBuildFile; fileRef = 2638FE941AAE27BB00AC019A /* Images.xcassets */; };
		2638FE981AAE27BB00AC019A /* LaunchScreen.xib in Resources */ = {isa = PBXBuildFile; fileRef = 2638FE961AAE27BB00AC019A /* LaunchScreen.xib */; };
		2638FEA41AAE27BB00AC019A /* MultiplyTests.m in Sources */ = {isa = PBXBuildFile; fileRef = 2638FEA31AAE27BB00AC019A /* MultiplyTests.m */; };
/* End PBXBuildFile section */

/* Begin PBXContainerItemProxy section */
		2638FE9E1AAE27BB00AC019A /* PBXContainerItemProxy */ = {
			isa = PBXContainerItemProxy;
			containerPortal = 2638FE7C1AAE27BB00AC019A /* Project object */;
			proxyType = 1;
			remoteGlobalIDString = 2638FE831AAE27BB00AC019A;
			remoteInfo = Multiply;
		};
/* End PBXContainerItemProxy section */

/* Begin PBXFileReference section */
		2638FE841AAE27BB00AC019A /* Multiply.app */ = {isa = PBXFileReference; explicitFileType = wrapper.application; includeInIndex = 0; path = Multiply.app; sourceTree = BUILT_PRODUCTS_DIR; };
		2638FE881AAE27BB00AC019A /* Info.plist */ = {isa = PBXFileReference; lastKnownFileType = text.plist.xml; path = Info.plist; sourceTree = "<group>"; };
		2638FE891AAE27BB00AC019A /* main.m */ = {isa = PBXFileReference; lastKnownFileType = sourcecode.c.objc; path = main.m; sourceTree = "<group>"; };
		2638FE8B1AAE27BB00AC019A /* AppDelegate.h */ = {isa = PBXFileReference; lastKnownFileType = sourcecode.c.h; path = AppDelegate.h; sourceTree = "<group>"; };
		2638FE8C1AAE27BB00AC019A /* AppDelegate.m */ = {isa = PBXFileReference; lastKnownFileType = sourcecode.c.objc; path = AppDelegate.m; sourceTree = "<group>"; };
		2638FE8E1AAE27BB00AC019A /* ViewController.h */ = {isa = PBXFileReference; lastKnownFileType = sourcecode.c.h; path = ViewController.h; sourceTree = "<group>"; };
		2638FE8F1AAE27BB00AC019A /* ViewController.m */ = {isa = PBXFileReference; lastKnownFileType = sourcecode.c.objc; path = ViewController.m; sourceTree = "<group>"; };
		2638FE921AAE27BB00AC019A /* Base */ = {isa = PBXFileReference; lastKnownFileType = file.storyboard; name = Base; path = Base.lproj/Main.storyboard; sourceTree = "<group>"; };
		2638FE941AAE27BB00AC019A /* Images.xcassets */ = {isa = PBXFileReference; lastKnownFileType = folder.assetcatalog; path = Images.xcassets; sourceTree = "<group>"; };
		2638FE971AAE27BB00AC019A /* Base */ = {isa = PBXFileReference; lastKnownFileType = file.xib; name = Base; path = Base.lproj/LaunchScreen.xib; sourceTree = "<group>"; };
		2638FE9D1AAE27BB00AC019A /* MultiplyTests.xctest */ = {isa = PBXFileReference; explicitFileType = wrapper.cfbundle; includeInIndex = 0; path = MultiplyTests.xctest; sourceTree = BUILT_PRODUCTS_DIR; };
		2638FEA21AAE27BB00AC019A /* Info.plist */ = {isa = PBXFileReference; lastKnownFileType = text.plist.xml; path = Info.plist; sourceTree = "<group>"; };
		2638FEA31AAE27BB00AC019A /* MultiplyTests.m */ = {isa = PBXFileReference; lastKnownFileType = sourcecode.c.objc; path = MultiplyTests.m; sourceTree = "<group>"; };
/* End PBXFileReference section */

/* Begin PBXFrameworksBuildPhase section */
		2638FE811AAE27BB00AC019A /* Frameworks */ = {
			isa = PBXFrameworksBuildPhase;
			buildActionMask = 2147483647;
			files = (
			);
			runOnlyForDeploymentPostprocessing = 0;
		};
		2638FE9A1AAE27BB00AC019A /* Frameworks */ = {
			isa = PBXFrameworksBuildPhase;
			buildActionMask = 2147483647;
			files = (
			);
			runOnlyForDeploymentPostprocessing = 0;
		};
/* End PBXFrameworksBuildPhase section */

/* Begin PBXGroup section */
		2638FE7B1AAE27BB00AC019A = {
			isa = PBXGroup;
			children = (
				2638FE861AAE27BB00AC019A /* Multiply */,
				2638FEA01AAE27BB00AC019A /* MultiplyTests */,
				2638FE851AAE27BB00AC019A /* Products */,
			);
			sourceTree = "<group>";
		};
		2638FE851AAE27BB00AC019A /* Products */ = {
			isa = PBXGroup;
			children = (
				2638FE841AAE27BB00AC019A /* Multiply.app */,
				2638FE9D1AAE27BB00AC019A /* MultiplyTests.xctest */,
			);
			name = Products;
			sourceTree = "<group>";
		};
		2638FE861AAE27BB00AC019A /* Multiply */ = {
			isa = PBXGroup;
			children = (
				2638FE8B1AAE27BB00AC019A /* AppDelegate.h */,
				2638FE8C1AAE27BB00AC019A /* AppDelegate.m */,
				2638FE8E1AAE27BB00AC019A /* ViewController.h */,
				2638FE8F1AAE27BB00AC019A /* ViewController.m */,
				2638FE911AAE27BB00AC019A /* Main.storyboard */,
				2638FE941AAE27BB00AC019A /* Images.xcassets */,
				2638FE961AAE27BB00AC019A /* LaunchScreen.xib */,
				2638FE871AAE27BB00AC019A /* Supporting Files */,
			);
			path = Multiply;
			sourceTree = "<group>";
		};
		2638FE871AAE27BB00AC019A /* Supporting Files */ = {
			isa = PBXGroup;
			children = (
				2638FE881AAE27BB00AC019A /* Info.plist */,
				2638FE891AAE27BB00AC019A /* main.m */,
			);
			name = "Supporting Files";
			sourceTree = "<group>";
		};
		2638FEA01AAE27BB00AC019A /* MultiplyTests */ = {
			isa = PBXGroup;
			children = (
				2638FEA31AAE27BB00AC019A /* MultiplyTests.m */,
				2638FEA11AAE27BB00AC019A /* Supporting Files */,
			);
			path = MultiplyTests;
			sourceTree = "<group>";
		};
		2638FEA11AAE27BB00AC019A /* Supporting Files */ = {
			isa = PBXGroup;
			children = (
				2638FEA21AAE27BB00AC019A /* Info.plist */,
			);
			name = "Supporting Files";
			sourceTree = "<group>";
		};
/* End PBXGroup section */

/* Begin PBXNativeTarget section */
		2638FE831AAE27BB00AC019A /* Multiply */ = {
			isa = PBXNativeTarget;
			buildConfigurationList = 2638FEA71AAE27BB00AC019A /* Build configuration list for PBXNativeTarget "Multiply" */;
			buildPhases = (
				2638FE801AAE27BB00AC019A /* Sources */,
				2638FE811AAE27BB00AC019A /* Frameworks */,
				2638FE821AAE27BB00AC019A /* Resources */,
			);
			buildRules = (
			);
			dependencies = (
			);
			name = Multiply;
			productName = Multiply;
			productReference = 2638FE841AAE27BB00AC019A /* Multiply.app */;
			productType = "com.apple.product-type.application";
		};
		2638FE9C1AAE27BB00AC019A /* MultiplyTests */ = {
			isa = PBXNativeTarget;
			buildConfigurationList = 2638FEAA1AAE27BB00AC019A /* Build configuration list for PBXNativeTarget "MultiplyTests" */;
			buildPhases = (
				2638FE991AAE27BB00AC019A /* Sources */,
				2638FE9A1AAE27BB00AC019A /* Frameworks */,
				2638FE9B1AAE27BB00AC019A /* Resources */,
			);
			buildRules = (
			);
			dependencies = (
				2638FE9F1AAE27BB00AC019A /* PBXTargetDependency */,
			);
			name = MultiplyTests;
			productName = MultiplyTests;
			productReference = 2638FE9D1AAE27BB00AC019A /* MultiplyTests.xctest */;
			productType = "com.apple.product-type.bundle.unit-test";
		};
/* End PBXNativeTarget section */

/* Begin PBXProject section */
		2638FE7C1AAE27BB00AC019A /* Project object */ = {
			isa = PBXProject;
			attributes = {
				LastUpgradeCheck = 0610;
				ORGANIZATIONNAME = "Michael Sevy";
				TargetAttributes = {
					2638FE831AAE27BB00AC019A = {
						CreatedOnToolsVersion = 6.1.1;
					};
					2638FE9C1AAE27BB00AC019A = {
						CreatedOnToolsVersion = 6.1.1;
						TestTargetID = 2638FE831AAE27BB00AC019A;
					};
				};
			};
			buildConfigurationList = 2638FE7F1AAE27BB00AC019A /* Build configuration list for PBXProject "Multiply" */;
			compatibilityVersion = "Xcode 3.2";
			developmentRegion = English;
			hasScannedForEncodings = 0;
			knownRegions = (
				en,
				Base,
			);
			mainGroup = 2638FE7B1AAE27BB00AC019A;
			productRefGroup = 2638FE851AAE27BB00AC019A /* Products */;
			projectDirPath = "";
			projectRoot = "";
			targets = (
				2638FE831AAE27BB00AC019A /* Multiply */,
				2638FE9C1AAE27BB00AC019A /* MultiplyTests */,
			);
		};
/* End PBXProject section */

/* Begin PBXResourcesBuildPhase section */
		2638FE821AAE27BB00AC019A /* Resources */ = {
			isa = PBXResourcesBuildPhase;
			buildActionMask = 2147483647;
			files = (
				2638FE931AAE27BB00AC019A /* Main.storyboard in Resources */,
				2638FE981AAE27BB00AC019A /* LaunchScreen.xib in Resources */,
				2638FE951AAE27BB00AC019A /* Images.xcassets in Resources */,
			);
			runOnlyForDeploymentPostprocessing = 0;
		};
		2638FE9B1AAE27BB00AC019A /* Resources */ = {
			isa = PBXResourcesBuildPhase;
			buildActionMask = 2147483647;
			files = (
			);
			runOnlyForDeploymentPostprocessing = 0;
		};
/* End PBXResourcesBuildPhase section */

/* Begin PBXSourcesBuildPhase section */
		2638FE801AAE27BB00AC019A /* Sources */ = {
			isa = PBXSourcesBuildPhase;
			buildActionMask = 2147483647;
			files = (
				2638FE901AAE27BB00AC019A /* ViewController.m in Sources */,
				2638FE8D1AAE27BB00AC019A /* AppDelegate.m in Sources */,
				2638FE8A1AAE27BB00AC019A /* main.m in Sources */,
			);
			runOnlyForDeploymentPostprocessing = 0;
		};
		2638FE991AAE27BB00AC019A /* Sources */ = {
			isa = PBXSourcesBuildPhase;
			buildActionMask = 2147483647;
			files = (
				2638FEA41AAE27BB00AC019A /* MultiplyTests.m in Sources */,
			);
			runOnlyForDeploymentPostprocessing = 0;
		};
/* End PBXSourcesBuildPhase section */

/* Begin PBXTargetDependency section */
		2638FE9F1AAE27BB00AC019A /* PBXTargetDependency */ = {
			isa = PBXTargetDependency;
			target = 2638FE831AAE27BB00AC019A /* Multiply */;
			targetProxy = 2638FE9E1AAE27BB00AC019A /* PBXContainerItemProxy */;
		};
/* End PBXTargetDependency section */

/* Begin PBXVariantGroup section */
		2638FE911AAE27BB00AC019A /* Main.storyboard */ = {
			isa = PBXVariantGroup;
			children = (
				2638FE921AAE27BB00AC019A /* Base */,
			);
			name = Main.storyboard;
			sourceTree = "<group>";
		};
		2638FE961AAE27BB00AC019A /* LaunchScreen.xib */ = {
			isa = PBXVariantGroup;
			children = (
				2638FE971AAE27BB00AC019A /* Base */,
			);
			name = LaunchScreen.xib;
			sourceTree = "<group>";
		};
/* End PBXVariantGroup section */

/* Begin XCBuildConfiguration section */
		2638FEA51AAE27BB00AC019A /* Debug */ = {
			isa = XCBuildConfiguration;
			buildSettings = {
				ALWAYS_SEARCH_USER_PATHS = NO;
				CLANG_CXX_LANGUAGE_STANDARD = "gnu++0x";
				CLANG_CXX_LIBRARY = "libc++";
				CLANG_ENABLE_MODULES = YES;
				CLANG_ENABLE_OBJC_ARC = YES;
				CLANG_WARN_BOOL_CONVERSION = YES;
				CLANG_WARN_CONSTANT_CONVERSION = YES;
				CLANG_WARN_DIRECT_OBJC_ISA_USAGE = YES_ERROR;
				CLANG_WARN_EMPTY_BODY = YES;
				CLANG_WARN_ENUM_CONVERSION = YES;
				CLANG_WARN_INT_CONVERSION = YES;
				CLANG_WARN_OBJC_ROOT_CLASS = YES_ERROR;
				CLANG_WARN_UNREACHABLE_CODE = YES;
				CLANG_WARN__DUPLICATE_METHOD_MATCH = YES;
				"CODE_SIGN_IDENTITY[sdk=iphoneos*]" = "iPhone Developer";
				COPY_PHASE_STRIP = NO;
				ENABLE_STRICT_OBJC_MSGSEND = YES;
				GCC_C_LANGUAGE_STANDARD = gnu99;
				GCC_DYNAMIC_NO_PIC = NO;
				GCC_OPTIMIZATION_LEVEL = 0;
				GCC_PREPROCESSOR_DEFINITIONS = (
					"DEBUG=1",
					"$(inherited)",
				);
				GCC_SYMBOLS_PRIVATE_EXTERN = NO;
				GCC_WARN_64_TO_32_BIT_CONVERSION = YES;
				GCC_WARN_ABOUT_RETURN_TYPE = YES_ERROR;
				GCC_WARN_UNDECLARED_SELECTOR = YES;
				GCC_WARN_UNINITIALIZED_AUTOS = YES_AGGRESSIVE;
				GCC_WARN_UNUSED_FUNCTION = YES;
				GCC_WARN_UNUSED_VARIABLE = YES;
				IPHONEOS_DEPLOYMENT_TARGET = 8.1;
				MTL_ENABLE_DEBUG_INFO = YES;
				ONLY_ACTIVE_ARCH = YES;
				SDKROOT = iphoneos;
			};
			name = Debug;
		};
		2638FEA61AAE27BB00AC019A /* Release */ = {
			isa = XCBuildConfiguration;
			buildSettings = {
				ALWAYS_SEARCH_USER_PATHS = NO;
				CLANG_CXX_LANGUAGE_STANDARD = "gnu++0x";
				CLANG_CXX_LIBRARY = "libc++";
				CLANG_ENABLE_MODULES = YES;
				CLANG_ENABLE_OBJC_ARC = YES;
				CLANG_WARN_BOOL_CONVERSION = YES;
				CLANG_WARN_CONSTANT_CONVERSION = YES;
				CLANG_WARN_DIRECT_OBJC_ISA_USAGE = YES_ERROR;
				CLANG_WARN_EMPTY_BODY = YES;
				CLANG_WARN_ENUM_CONVERSION = YES;
				CLANG_WARN_INT_CONVERSION = YES;
				CLANG_WARN_OBJC_ROOT_CLASS = YES_ERROR;
				CLANG_WARN_UNREACHABLE_CODE = YES;
				CLANG_WARN__DUPLICATE_METHOD_MATCH = YES;
				"CODE_SIGN_IDENTITY[sdk=iphoneos*]" = "iPhone Developer";
				COPY_PHASE_STRIP = YES;
				ENABLE_NS_ASSERTIONS = NO;
				ENABLE_STRICT_OBJC_MSGSEND = YES;
				GCC_C_LANGUAGE_STANDARD = gnu99;
				GCC_WARN_64_TO_32_BIT_CONVERSION = YES;
				GCC_WARN_ABOUT_RETURN_TYPE = YES_ERROR;
				GCC_WARN_UNDECLARED_SELECTOR = YES;
				GCC_WARN_UNINITIALIZED_AUTOS = YES_AGGRESSIVE;
				GCC_WARN_UNUSED_FUNCTION = YES;
				GCC_WARN_UNUSED_VARIABLE = YES;
				IPHONEOS_DEPLOYMENT_TARGET = 8.1;
				MTL_ENABLE_DEBUG_INFO = NO;
				SDKROOT = iphoneos;
				VALIDATE_PRODUCT = YES;
			};
			name = Release;
		};
		2638FEA81AAE27BB00AC019A /* Debug */ = {
			isa = XCBuildConfiguration;
			buildSettings = {
				ASSETCATALOG_COMPILER_APPICON_NAME = AppIcon;
				INFOPLIST_FILE = Multiply/Info.plist;
				LD_RUNPATH_SEARCH_PATHS = "$(inherited) @executable_path/Frameworks";
				PRODUCT_NAME = "$(TARGET_NAME)";
			};
			name = Debug;
		};
		2638FEA91AAE27BB00AC019A /* Release */ = {
			isa = XCBuildConfiguration;
			buildSettings = {
				ASSETCATALOG_COMPILER_APPICON_NAME = AppIcon;
				INFOPLIST_FILE = Multiply/Info.plist;
				LD_RUNPATH_SEARCH_PATHS = "$(inherited) @executable_path/Frameworks";
				PRODUCT_NAME = "$(TARGET_NAME)";
			};
			name = Release;
		};
		2638FEAB1AAE27BB00AC019A /* Debug */ = {
			isa = XCBuildConfiguration;
			buildSettings = {
				BUNDLE_LOADER = "$(TEST_HOST)";
				FRAMEWORK_SEARCH_PATHS = (
					"$(SDKROOT)/Developer/Library/Frameworks",
					"$(inherited)",
				);
				GCC_PREPROCESSOR_DEFINITIONS = (
					"DEBUG=1",
					"$(inherited)",
				);
				INFOPLIST_FILE = MultiplyTests/Info.plist;
				LD_RUNPATH_SEARCH_PATHS = "$(inherited) @executable_path/Frameworks @loader_path/Frameworks";
				PRODUCT_NAME = "$(TARGET_NAME)";
				TEST_HOST = "$(BUILT_PRODUCTS_DIR)/Multiply.app/Multiply";
			};
			name = Debug;
		};
		2638FEAC1AAE27BB00AC019A /* Release */ = {
			isa = XCBuildConfiguration;
			buildSettings = {
				BUNDLE_LOADER = "$(TEST_HOST)";
				FRAMEWORK_SEARCH_PATHS = (
					"$(SDKROOT)/Developer/Library/Frameworks",
					"$(inherited)",
				);
				INFOPLIST_FILE = MultiplyTests/Info.plist;
				LD_RUNPATH_SEARCH_PATHS = "$(inherited) @executable_path/Frameworks @loader_path/Frameworks";
				PRODUCT_NAME = "$(TARGET_NAME)";
				TEST_HOST = "$(BUILT_PRODUCTS_DIR)/Multiply.app/Multiply";
			};
			name = Release;
		};
/* End XCBuildConfiguration section */

/* Begin XCConfigurationList section */
		2638FE7F1AAE27BB00AC019A /* Build configuration list for PBXProject "Multiply" */ = {
			isa = XCConfigurationList;
			buildConfigurations = (
				2638FEA51AAE27BB00AC019A /* Debug */,
				2638FEA61AAE27BB00AC019A /* Release */,
			);
			defaultConfigurationIsVisible = 0;
			defaultConfigurationName = Release;
		};
		2638FEA71AAE27BB00AC019A /* Build configuration list for PBXNativeTarget "Multiply" */ = {
			isa = XCConfigurationList;
			buildConfigurations = (
				2638FEA81AAE27BB00AC019A /* Debug */,
				2638FEA91AAE27BB00AC019A /* Release */,
			);
			defaultConfigurationIsVisible = 0;
		};
		2638FEAA1AAE27BB00AC019A /* Build configuration list for PBXNativeTarget "MultiplyTests" */ = {
			isa = XCConfigurationList;
			buildConfigurations = (
				2638FEAB1AAE27BB00AC019A /* Debug */,
				2638FEAC1AAE27BB00AC019A /* Release */,
			);
			defaultConfigurationIsVisible = 0;
		};
/* End XCConfigurationList section */
	};
	rootObject = 2638FE7C1AAE27BB00AC019A /* Project object */;
}
